
Microsoft Visual Studio Solution File, Format Version 12.00
# Visual Studio 14
VisualStudioVersion = 14.0.25420.1
MinimumVisualStudioVersion = 10.0.40219.1
Project("{FAE04EC0-301F-11D3-BF4B-00C04F79EFBC}") = "web", "web.csproj", "{C567DACB-54CE-4B46-AAA1-890A06E8611B}"
EndProject
Global
	GlobalSection(SolutionConfigurationPlatforms) = preSolution
		Debug|Any CPU = Debug|Any CPU
		Release|Any CPU = Release|Any CPU
	EndGlobalSection
	GlobalSection(ProjectConfigurationPlatforms) = postSolution
		{C567DACB-54CE-4B46-AAA1-890A06E8611B}.Debug|Any CPU.ActiveCfg = Debug|Any CPU
		{C567DACB-54CE-4B46-AAA1-890A06E8611B}.Debug|Any CPU.Build.0 = Debug|Any CPU
		{C567DACB-54CE-4B46-AAA1-890A06E8611B}.Release|Any CPU.ActiveCfg = Release|Any CPU
		{C567DACB-54CE-4B46-AAA1-890A06E8611B}.Release|Any CPU.Build.0 = Release|Any CPU
	EndGlobalSection
	GlobalSection(SolutionProperties) = preSolution
		HideSolutionNode = FALSE
	EndGlobalSection
EndGlobal
